// !$*UTF8*$!
{
	archiveVersion = 1;
	classes = {
	};
	objectVersion = 50;
	objects = {

/* Begin PBXBuildFile section */
		3DB54AE1FA2A5DB39D26C9B7 /* Pods_CalendarSample.framework in Frameworks */ = {isa = PBXBuildFile; fileRef = B6D4228712AF71D9774084D0 /* Pods_CalendarSample.framework */; };
		A4F7D6C8239DA66A005F966A /* AppDelegate.swift in Sources */ = {isa = PBXBuildFile; fileRef = A4F7D6C7239DA66A005F966A /* AppDelegate.swift */; };
		A4F7D6CA239DA66A005F966A /* SceneDelegate.swift in Sources */ = {isa = PBXBuildFile; fileRef = A4F7D6C9239DA66A005F966A /* SceneDelegate.swift */; };
		A4F7D6CC239DA66A005F966A /* ViewController.swift in Sources */ = {isa = PBXBuildFile; fileRef = A4F7D6CB239DA66A005F966A /* ViewController.swift */; };
		A4F7D6CF239DA66A005F966A /* Main.storyboard in Resources */ = {isa = PBXBuildFile; fileRef = A4F7D6CD239DA66A005F966A /* Main.storyboard */; };
		A4F7D6D1239DA66C005F966A /* Assets.xcassets in Resources */ = {isa = PBXBuildFile; fileRef = A4F7D6D0239DA66C005F966A /* Assets.xcassets */; };
		A4F7D6D4239DA66C005F966A /* LaunchScreen.storyboard in Resources */ = {isa = PBXBuildFile; fileRef = A4F7D6D2239DA66C005F966A /* LaunchScreen.storyboard */; };
/* End PBXBuildFile section */

/* Begin PBXFileReference section */
		40CA680A2DB79456B8C3386A /* Pods-CalendarSample.debug.xcconfig */ = {isa = PBXFileReference; includeInIndex = 1; lastKnownFileType = text.xcconfig; name = "Pods-CalendarSample.debug.xcconfig"; path = "Target Support Files/Pods-CalendarSample/Pods-CalendarSample.debug.xcconfig"; sourceTree = "<group>"; };
		A4F7D6C4239DA66A005F966A /* CalendarSample.app */ = {isa = PBXFileReference; explicitFileType = wrapper.application; includeInIndex = 0; path = CalendarSample.app; sourceTree = BUILT_PRODUCTS_DIR; };
		A4F7D6C7239DA66A005F966A /* AppDelegate.swift */ = {isa = PBXFileReference; lastKnownFileType = sourcecode.swift; path = AppDelegate.swift; sourceTree = "<group>"; };
		A4F7D6C9239DA66A005F966A /* SceneDelegate.swift */ = {isa = PBXFileReference; lastKnownFileType = sourcecode.swift; path = SceneDelegate.swift; sourceTree = "<group>"; };
		A4F7D6CB239DA66A005F966A /* ViewController.swift */ = {isa = PBXFileReference; lastKnownFileType = sourcecode.swift; path = ViewController.swift; sourceTree = "<group>"; };
		A4F7D6CE239DA66A005F966A /* Base */ = {isa = PBXFileReference; lastKnownFileType = file.storyboard; name = Base; path = Base.lproj/Main.storyboard; sourceTree = "<group>"; };
		A4F7D6D0239DA66C005F966A /* Assets.xcassets */ = {isa = PBXFileReference; lastKnownFileType = folder.assetcatalog; path = Assets.xcassets; sourceTree = "<group>"; };
		A4F7D6D3239DA66C005F966A /* Base */ = {isa = PBXFileReference; lastKnownFileType = file.storyboard; name = Base; path = Base.lproj/LaunchScreen.storyboard; sourceTree = "<group>"; };
		A4F7D6D5239DA66C005F966A /* Info.plist */ = {isa = PBXFileReference; lastKnownFileType = text.plist.xml; path = Info.plist; sourceTree = "<group>"; };
		B6D4228712AF71D9774084D0 /* Pods_CalendarSample.framework */ = {isa = PBXFileReference; explicitFileType = wrapper.framework; includeInIndex = 0; path = Pods_CalendarSample.framework; sourceTree = BUILT_PRODUCTS_DIR; };
		D67B6D37ADBB722784FDD279 /* Pods-CalendarSample.release.xcconfig */ = {isa = PBXFileReference; includeInIndex = 1; lastKnownFileType = text.xcconfig; name = "Pods-CalendarSample.release.xcconfig"; path = "Target Support Files/Pods-CalendarSample/Pods-CalendarSample.release.xcconfig"; sourceTree = "<group>"; };
/* End PBXFileReference section */

/* Begin PBXFrameworksBuildPhase section */
		A4F7D6C1239DA66A005F966A /* Frameworks */ = {
			isa = PBXFrameworksBuildPhase;
			buildActionMask = 2147483647;
			files = (
				3DB54AE1FA2A5DB39D26C9B7 /* Pods_CalendarSample.framework in Frameworks */,
			);
			runOnlyForDeploymentPostprocessing = 0;
		};
/* End PBXFrameworksBuildPhase section */

/* Begin PBXGroup section */
		86F2FF27C850CD326F5C6F47 /* Frameworks */ = {
			isa = PBXGroup;
			children = (
				B6D4228712AF71D9774084D0 /* Pods_CalendarSample.framework */,
			);
			name = Frameworks;
			sourceTree = "<group>";
		};
		A4F7D6BB239DA66A005F966A = {
			isa = PBXGroup;
			children = (
				A4F7D6C6239DA66A005F966A /* CalendarSample */,
				A4F7D6C5239DA66A005F966A /* Products */,
				B7D5CB4367E7C1F16223CE39 /* Pods */,
				86F2FF27C850CD326F5C6F47 /* Frameworks */,
			);
			sourceTree = "<group>";
		};
		A4F7D6C5239DA66A005F966A /* Products */ = {
			isa = PBXGroup;
			children = (
				A4F7D6C4239DA66A005F966A /* CalendarSample.app */,
			);
			name = Products;
			sourceTree = "<group>";
		};
		A4F7D6C6239DA66A005F966A /* CalendarSample */ = {
			isa = PBXGroup;
			children = (
				A4F7D6C7239DA66A005F966A /* AppDelegate.swift */,
				A4F7D6C9239DA66A005F966A /* SceneDelegate.swift */,
				A4F7D6CB239DA66A005F966A /* ViewController.swift */,
				A4F7D6CD239DA66A005F966A /* Main.storyboard */,
				A4F7D6D0239DA66C005F966A /* Assets.xcassets */,
				A4F7D6D2239DA66C005F966A /* LaunchScreen.storyboard */,
				A4F7D6D5239DA66C005F966A /* Info.plist */,
			);
			path = CalendarSample;
			sourceTree = "<group>";
		};
		B7D5CB4367E7C1F16223CE39 /* Pods */ = {
			isa = PBXGroup;
			children = (
				40CA680A2DB79456B8C3386A /* Pods-CalendarSample.debug.xcconfig */,
				D67B6D37ADBB722784FDD279 /* Pods-CalendarSample.release.xcconfig */,
			);
			name = Pods;
			path = Pods;
			sourceTree = "<group>";
		};
/* End PBXGroup section */

/* Begin PBXNativeTarget section */
		A4F7D6C3239DA66A005F966A /* CalendarSample */ = {
			isa = PBXNativeTarget;
			buildConfigurationList = A4F7D6D8239DA66C005F966A /* Build configuration list for PBXNativeTarget "CalendarSample" */;
			buildPhases = (
				5D9396BE5DA7F9235964FF37 /* [CP] Check Pods Manifest.lock */,
				A4F7D6C0239DA66A005F966A /* Sources */,
				A4F7D6C1239DA66A005F966A /* Frameworks */,
				A4F7D6C2239DA66A005F966A /* Resources */,
				598AE2C06417721767892FF6 /* [CP] Embed Pods Frameworks */,
			);
			buildRules = (
			);
			dependencies = (
			);
			name = CalendarSample;
			productName = CalendarSample;
			productReference = A4F7D6C4239DA66A005F966A /* CalendarSample.app */;
			productType = "com.apple.product-type.application";
		};
/* End PBXNativeTarget section */

/* Begin PBXProject section */
		A4F7D6BC239DA66A005F966A /* Project object */ = {
			isa = PBXProject;
			attributes = {
				LastSwiftUpdateCheck = 1120;
				LastUpgradeCheck = 1120;
				ORGANIZATIONNAME = Amelia;
				TargetAttributes = {
					A4F7D6C3239DA66A005F966A = {
						CreatedOnToolsVersion = 11.2;
					};
				};
			};
			buildConfigurationList = A4F7D6BF239DA66A005F966A /* Build configuration list for PBXProject "CalendarSample" */;
			compatibilityVersion = "Xcode 9.3";
			developmentRegion = en;
			hasScannedForEncodings = 0;
			knownRegions = (
				en,
				Base,
			);
			mainGroup = A4F7D6BB239DA66A005F966A;
			productRefGroup = A4F7D6C5239DA66A005F966A /* Products */;
			projectDirPath = "";
			projectRoot = "";
			targets = (
				A4F7D6C3239DA66A005F966A /* CalendarSample */,
			);
		};
/* End PBXProject section */

/* Begin PBXResourcesBuildPhase section */
		A4F7D6C2239DA66A005F966A /* Resources */ = {
			isa = PBXResourcesBuildPhase;
			buildActionMask = 2147483647;
			files = (
				A4F7D6D4239DA66C005F966A /* LaunchScreen.storyboard in Resources */,
				A4F7D6D1239DA66C005F966A /* Assets.xcassets in Resources */,
				A4F7D6CF239DA66A005F966A /* Main.storyboard in Resources */,
			);
			runOnlyForDeploymentPostprocessing = 0;
		};
/* End PBXResourcesBuildPhase section */

/* Begin PBXShellScriptBuildPhase section */
		598AE2C06417721767892FF6 /* [CP] Embed Pods Frameworks */ = {
			isa = PBXShellScriptBuildPhase;
			buildActionMask = 2147483647;
			files = (
			);
			inputFileListPaths = (
				"${PODS_ROOT}/Target Support Files/Pods-CalendarSample/Pods-CalendarSample-frameworks-${CONFIGURATION}-input-files.xcfilelist",
			);
			name = "[CP] Embed Pods Frameworks";
			outputFileListPaths = (
				"${PODS_ROOT}/Target Support Files/Pods-CalendarSample/Pods-CalendarSample-frameworks-${CONFIGURATION}-output-files.xcfilelist",
			);
			runOnlyForDeploymentPostprocessing = 0;
			shellPath = /bin/sh;
			shellScript = "\"${PODS_ROOT}/Target Support Files/Pods-CalendarSample/Pods-CalendarSample-frameworks.sh\"\n";
			showEnvVarsInLog = 0;
		};
		5D9396BE5DA7F9235964FF37 /* [CP] Check Pods Manifest.lock */ = {
			isa = PBXShellScriptBuildPhase;
			buildActionMask = 2147483647;
			files = (
			);
			inputFileListPaths = (
			);
			inputPaths = (
				"${PODS_PODFILE_DIR_PATH}/Podfile.lock",
				"${PODS_ROOT}/Manifest.lock",
			);
			name = "[CP] Check Pods Manifest.lock";
			outputFileListPaths = (
			);
			outputPaths = (
				"$(DERIVED_FILE_DIR)/Pods-CalendarSample-checkManifestLockResult.txt",
			);
			runOnlyForDeploymentPostprocessing = 0;
			shellPath = /bin/sh;
			shellScript = "diff \"${PODS_PODFILE_DIR_PATH}/Podfile.lock\" \"${PODS_ROOT}/Manifest.lock\" > /dev/null\nif [ $? != 0 ] ; then\n    # print error to STDERR\n    echo \"error: The sandbox is not in sync with the Podfile.lock. Run 'pod install' or update your CocoaPods installation.\" >&2\n    exit 1\nfi\n# This output is used by Xcode 'outputs' to avoid re-running this script phase.\necho \"SUCCESS\" > \"${SCRIPT_OUTPUT_FILE_0}\"\n";
			showEnvVarsInLog = 0;
		};
/* End PBXShellScriptBuildPhase section */

/* Begin PBXSourcesBuildPhase section */
		A4F7D6C0239DA66A005F966A /* Sources */ = {
			isa = PBXSourcesBuildPhase;
			buildActionMask = 2147483647;
			files = (
				A4F7D6CC239DA66A005F966A /* ViewController.swift in Sources */,
				A4F7D6C8239DA66A005F966A /* AppDelegate.swift in Sources */,
				A4F7D6CA239DA66A005F966A /* SceneDelegate.swift in Sources */,
			);
			runOnlyForDeploymentPostprocessing = 0;
		};
/* End PBXSourcesBuildPhase section */

/* Begin PBXVariantGroup section */
		A4F7D6CD239DA66A005F966A /* Main.storyboard */ = {
			isa = PBXVariantGroup;
			children = (
				A4F7D6CE239DA66A005F966A /* Base */,
			);
			name = Main.storyboard;
			sourceTree = "<group>";
		};
		A4F7D6D2239DA66C005F966A /* LaunchScreen.storyboard */ = {
			isa = PBXVariantGroup;
			children = (
				A4F7D6D3239DA66C005F966A /* Base */,
			);
			name = LaunchScreen.storyboard;
			sourceTree = "<group>";
		};
/* End PBXVariantGroup section */

/* Begin XCBuildConfiguration section */
		A4F7D6D6239DA66C005F966A /* Debug */ = {
			isa = XCBuildConfiguration;
			buildSettings = {
				ALWAYS_SEARCH_USER_PATHS = NO;
				CLANG_ANALYZER_NONNULL = YES;
				CLANG_ANALYZER_NUMBER_OBJECT_CONVERSION = YES_AGGRESSIVE;
				CLANG_CXX_LANGUAGE_STANDARD = "gnu++14";
				CLANG_CXX_LIBRARY = "libc++";
				CLANG_ENABLE_MODULES = YES;
				CLANG_ENABLE_OBJC_ARC = YES;
				CLANG_ENABLE_OBJC_WEAK = YES;
				CLANG_WARN_BLOCK_CAPTURE_AUTORELEASING = YES;
				CLANG_WARN_BOOL_CONVERSION = YES;
				CLANG_WARN_COMMA = YES;
				CLANG_WARN_CONSTANT_CONVERSION = YES;
				CLANG_WARN_DEPRECATED_OBJC_IMPLEMENTATIONS = YES;
				CLANG_WARN_DIRECT_OBJC_ISA_USAGE = YES_ERROR;
				CLANG_WARN_DOCUMENTATION_COMMENTS = YES;
				CLANG_WARN_EMPTY_BODY = YES;
				CLANG_WARN_ENUM_CONVERSION = YES;
				CLANG_WARN_INFINITE_RECURSION = YES;
				CLANG_WARN_INT_CONVERSION = YES;
				CLANG_WARN_NON_LITERAL_NULL_CONVERSION = YES;
				CLANG_WARN_OBJC_IMPLICIT_RETAIN_SELF = YES;
				CLANG_WARN_OBJC_LITERAL_CONVERSION = YES;
				CLANG_WARN_OBJC_ROOT_CLASS = YES_ERROR;
				CLANG_WARN_RANGE_LOOP_ANALYSIS = YES;
				CLANG_WARN_STRICT_PROTOTYPES = YES;
				CLANG_WARN_SUSPICIOUS_MOVE = YES;
				CLANG_WARN_UNGUARDED_AVAILABILITY = YES_AGGRESSIVE;
				CLANG_WARN_UNREACHABLE_CODE = YES;
				CLANG_WARN__DUPLICATE_METHOD_MATCH = YES;
				COPY_PHASE_STRIP = NO;
				DEBUG_INFORMATION_FORMAT = dwarf;
				ENABLE_STRICT_OBJC_MSGSEND = YES;
				ENABLE_TESTABILITY = YES;
				GCC_C_LANGUAGE_STANDARD = gnu11;
				GCC_DYNAMIC_NO_PIC = NO;
				GCC_NO_COMMON_BLOCKS = YES;
				GCC_OPTIMIZATION_LEVEL = 0;
				GCC_PREPROCESSOR_DEFINITIONS = (
					"DEBUG=1",
					"$(inherited)",
				);
				GCC_WARN_64_TO_32_BIT_CONVERSION = YES;
				GCC_WARN_ABOUT_RETURN_TYPE = YES_ERROR;
				GCC_WARN_UNDECLARED_SELECTOR = YES;
				GCC_WARN_UNINITIALIZED_AUTOS = YES_AGGRESSIVE;
				GCC_WARN_UNUSED_FUNCTION = YES;
				GCC_WARN_UNUSED_VARIABLE = YES;
				IPHONEOS_DEPLOYMENT_TARGET = 13.2;
				MTL_ENABLE_DEBUG_INFO = INCLUDE_SOURCE;
				MTL_FAST_MATH = YES;
				ONLY_ACTIVE_ARCH = YES;
				SDKROOT = iphoneos;
				SWIFT_ACTIVE_COMPILATION_CONDITIONS = DEBUG;
				SWIFT_OPTIMIZATION_LEVEL = "-Onone";
			};
			name = Debug;
		};
		A4F7D6D7239DA66C005F966A /* Release */ = {
			isa = XCBuildConfiguration;
			buildSettings = {
				ALWAYS_SEARCH_USER_PATHS = NO;
				CLANG_ANALYZER_NONNULL = YES;
				CLANG_ANALYZER_NUMBER_OBJECT_CONVERSION = YES_AGGRESSIVE;
				CLANG_CXX_LANGUAGE_STANDARD = "gnu++14";
				CLANG_CXX_LIBRARY = "libc++";
				CLANG_ENABLE_MODULES = YES;
				CLANG_ENABLE_OBJC_ARC = YES;
				CLANG_ENABLE_OBJC_WEAK = YES;
				CLANG_WARN_BLOCK_CAPTURE_AUTORELEASING = YES;
				CLANG_WARN_BOOL_CONVERSION = YES;
				CLANG_WARN_COMMA = YES;
				CLANG_WARN_CONSTANT_CONVERSION = YES;
				CLANG_WARN_DEPRECATED_OBJC_IMPLEMENTATIONS = YES;
				CLANG_WARN_DIRECT_OBJC_ISA_USAGE = YES_ERROR;
				CLANG_WARN_DOCUMENTATION_COMMENTS = YES;
				CLANG_WARN_EMPTY_BODY = YES;
				CLANG_WARN_ENUM_CONVERSION = YES;
				CLANG_WARN_INFINITE_RECURSION = YES;
				CLANG_WARN_INT_CONVERSION = YES;
				CLANG_WARN_NON_LITERAL_NULL_CONVERSION = YES;
				CLANG_WARN_OBJC_IMPLICIT_RETAIN_SELF = YES;
				CLANG_WARN_OBJC_LITERAL_CONVERSION = YES;
				CLANG_WARN_OBJC_ROOT_CLASS = YES_ERROR;
				CLANG_WARN_RANGE_LOOP_ANALYSIS = YES;
				CLANG_WARN_STRICT_PROTOTYPES = YES;
				CLANG_WARN_SUSPICIOUS_MOVE = YES;
				CLANG_WARN_UNGUARDED_AVAILABILITY = YES_AGGRESSIVE;
				CLANG_WARN_UNREACHABLE_CODE = YES;
				CLANG_WARN__DUPLICATE_METHOD_MATCH = YES;
				COPY_PHASE_STRIP = NO;
				DEBUG_INFORMATION_FORMAT = "dwarf-with-dsym";
				ENABLE_NS_ASSERTIONS = NO;
				ENABLE_STRICT_OBJC_MSGSEND = YES;
				GCC_C_LANGUAGE_STANDARD = gnu11;
				GCC_NO_COMMON_BLOCKS = YES;
				GCC_WARN_64_TO_32_BIT_CONVERSION = YES;
				GCC_WARN_ABOUT_RETURN_TYPE = YES_ERROR;
				GCC_WARN_UNDECLARED_SELECTOR = YES;
				GCC_WARN_UNINITIALIZED_AUTOS = YES_AGGRESSIVE;
				GCC_WARN_UNUSED_FUNCTION = YES;
				GCC_WARN_UNUSED_VARIABLE = YES;
				IPHONEOS_DEPLOYMENT_TARGET = 13.2;
				MTL_ENABLE_DEBUG_INFO = NO;
				MTL_FAST_MATH = YES;
				SDKROOT = iphoneos;
				SWIFT_COMPILATION_MODE = wholemodule;
				SWIFT_OPTIMIZATION_LEVEL = "-O";
				VALIDATE_PRODUCT = YES;
			};
			name = Release;
		};
		A4F7D6D9239DA66C005F966A /* Debug */ = {
			isa = XCBuildConfiguration;
			baseConfigurationReference = 40CA680A2DB79456B8C3386A /* Pods-CalendarSample.debug.xcconfig */;
			buildSettings = {
				ASSETCATALOG_COMPILER_APPICON_NAME = AppIcon;
				CODE_SIGN_STYLE = Automatic;
				INFOPLIST_FILE = CalendarSample/Info.plist;
				LD_RUNPATH_SEARCH_PATHS = (
					"$(inherited)",
					"@executable_path/Frameworks",
				);
				PRODUCT_BUNDLE_IDENTIFIER = com.me.CalendarSample;
				PRODUCT_NAME = "$(TARGET_NAME)";
				SWIFT_VERSION = 5.0;
				TARGETED_DEVICE_FAMILY = "1,2";
			};
			name = Debug;
		};
		A4F7D6DA239DA66C005F966A /* Release */ = {
			isa = XCBuildConfiguration;
			baseConfigurationReference = D67B6D37ADBB722784FDD279 /* Pods-CalendarSample.release.xcconfig */;
			buildSettings = {
				ASSETCATALOG_COMPILER_APPICON_NAME = AppIcon;
				CODE_SIGN_STYLE = Automatic;
				INFOPLIST_FILE = CalendarSample/Info.plist;
				LD_RUNPATH_SEARCH_PATHS = (
					"$(inherited)",
					"@executable_path/Frameworks",
				);
				PRODUCT_BUNDLE_IDENTIFIER = com.me.CalendarSample;
				PRODUCT_NAME = "$(TARGET_NAME)";
				SWIFT_VERSION = 5.0;
				TARGETED_DEVICE_FAMILY = "1,2";
			};
			name = Release;
		};
/* End XCBuildConfiguration section */

/* Begin XCConfigurationList section */
		A4F7D6BF239DA66A005F966A /* Build configuration list for PBXProject "CalendarSample" */ = {
			isa = XCConfigurationList;
			buildConfigurations = (
				A4F7D6D6239DA66C005F966A /* Debug */,
				A4F7D6D7239DA66C005F966A /* Release */,
			);
			defaultConfigurationIsVisible = 0;
			defaultConfigurationName = Release;
		};
		A4F7D6D8239DA66C005F966A /* Build configuration list for PBXNativeTarget "CalendarSample" */ = {
			isa = XCConfigurationList;
			buildConfigurations = (
				A4F7D6D9239DA66C005F966A /* Debug */,
				A4F7D6DA239DA66C005F966A /* Release */,
			);
			defaultConfigurationIsVisible = 0;
			defaultConfigurationName = Release;
		};
/* End XCConfigurationList section */
	};
	rootObject = A4F7D6BC239DA66A005F966A /* Project object */;
}
