PODS:
  - KDCalendar (1.8.2):
    - KDCalendar/EventManager (= 1.8.2)
  - KDCalendar/EventManager (1.8.2)

DEPENDENCIES:
  - KDCalendar (~> 1.8.2)

SPEC REPOS:
  trunk:
    - KDCalendar

SPEC CHECKSUMS:
  KDCalendar: 114f8d2dd091608c2d8db7d5783c96a4c4a60398

PODFILE CHECKSUM: 9b9524083711904990b53a9c3c989419158b8b83

COCOAPODS: 1.8.4
